
Microsoft Visual Studio Solution File, Format Version 9.00
# Visual Studio 2005
Project("{FAE04EC0-301F-11D3-BF4B-00C04F79EFBC}") = "Handwriting", "Handwriting\Handwriting.csproj", "{EB81B2C9-82DD-4509-B767-8587EDEA7E18}"
EndProject
Global
	GlobalSection(SolutionConfigurationPlatforms) = preSolution
		Debug|Any CPU = Debug|Any CPU
		Release|Any CPU = Release|Any CPU
	EndGlobalSection
	GlobalSection(ProjectConfigurationPlatforms) = postSolution
		{EB81B2C9-82DD-4509-B767-8587EDEA7E18}.Debug|Any CPU.ActiveCfg = Debug|Any CPU
		{EB81B2C9-82DD-4509-B767-8587EDEA7E18}.Debug|Any CPU.Build.0 = Debug|Any CPU
		{EB81B2C9-82DD-4509-B767-8587EDEA7E18}.Release|Any CPU.ActiveCfg = Release|Any CPU
		{EB81B2C9-82DD-4509-B767-8587EDEA7E18}.Release|Any CPU.Build.0 = Release|Any CPU
	EndGlobalSection
	GlobalSection(SolutionProperties) = preSolution
		HideSolutionNode = FALSE
	EndGlobalSection
EndGlobal
